// !$*UTF8*$!
{
	archiveVersion = 1;
	classes = {
	};
	objectVersion = 77;
	objects = {

/* Begin PBXContainerItemProxy section */
		BB17E6792FA15D2900F9A3BD /* PBXContainerItemProxy */ = {
			isa = PBXContainerItemProxy;
			containerPortal = BB17E65A2FA15D2700F9A3BD /* Project object */;
			proxyType = 1;
			remoteGlobalIDString = BB17E6612FA15D2700F9A3BD;
			remoteInfo = PoochyLog;
		};
		BB17E6832FA15D2900F9A3BD /* PBXContainerItemProxy */ = {
			isa = PBXContainerItemProxy;
			containerPortal = BB17E65A2FA15D2700F9A3BD /* Project object */;
			proxyType = 1;
			remoteGlobalIDString = BB17E6612FA15D2700F9A3BD;
			remoteInfo = PoochyLog;
		};
/* End PBXContainerItemProxy section */

/* Begin PBXFileReference section */
		BB17E6622FA15D2700F9A3BD /* PoochyDiary.app */ = {isa = PBXFileReference; explicitFileType = wrapper.application; includeInIndex = 0; path = PoochyDiary.app; sourceTree = BUILT_PRODUCTS_DIR; };
		BB17E6782FA15D2900F9A3BD /* PoochyDiaryTests.xctest */ = {isa = PBXFileReference; explicitFileType = wrapper.cfbundle; includeInIndex = 0; path = PoochyDiaryTests.xctest; sourceTree = BUILT_PRODUCTS_DIR; };
		BB17E6822FA15D2900F9A3BD /* PoochyDiaryUITests.xctest */ = {isa = PBXFileReference; explicitFileType = wrapper.cfbundle; includeInIndex = 0; path = PoochyDiaryUITests.xctest; sourceTree = BUILT_PRODUCTS_DIR; };
/* End PBXFileReference section */

/* Begin PBXFileSystemSynchronizedBuildFileExceptionSet section */
		BB17E7592FA15DE600F9A3BD /* Exceptions for "PoochyDiary" folder in "PoochyDiary" target */ = {
			isa = PBXFileSystemSynchronizedBuildFileExceptionSet;
			membershipExceptions = (
				Info.plist,
			);
			target = BB17E6612FA15D2700F9A3BD /* PoochyDiary */;
		};
/* End PBXFileSystemSynchronizedBuildFileExceptionSet section */

/* Begin PBXFileSystemSynchronizedRootGroup section */
		BB17E6642FA15D2700F9A3BD /* PoochyDiary */ = {
			isa = PBXFileSystemSynchronizedRootGroup;
			exceptions = (
				BB17E7592FA15DE600F9A3BD /* Exceptions for "PoochyDiary" folder in "PoochyDiary" target */,
			);
			path = PoochyDiary;
			sourceTree = "<group>";
		};
		BB17E67B2FA15D2900F9A3BD /* PoochyDiaryTests */ = {
			isa = PBXFileSystemSynchronizedRootGroup;
			path = PoochyDiaryTests;
			sourceTree = "<group>";
		};
		BB17E6852FA15D2900F9A3BD /* PoochyDiaryUITests */ = {
			isa = PBXFileSystemSynchronizedRootGroup;
			path = PoochyDiaryUITests;
			sourceTree = "<group>";
		};
/* End PBXFileSystemSynchronizedRootGroup section */

/* Begin PBXFrameworksBuildPhase section */
		BB17E65F2FA15D2700F9A3BD /* Frameworks */ = {
			isa = PBXFrameworksBuildPhase;
			buildActionMask = 2147483647;
			files = (
			);
			runOnlyForDeploymentPostprocessing = 0;
		};
		BB17E6752FA15D2900F9A3BD /* Frameworks */ = {
			isa = PBXFrameworksBuildPhase;
			buildActionMask = 2147483647;
			files = (
			);
			runOnlyForDeploymentPostprocessing = 0;
		};
		BB17E67F2FA15D2900F9A3BD /* Frameworks */ = {
			isa = PBXFrameworksBuildPhase;
			buildActionMask = 2147483647;
			files = (
			);
			runOnlyForDeploymentPostprocessing = 0;
		};
/* End PBXFrameworksBuildPhase section */

/* Begin PBXGroup section */
		BB17E6592FA15D2700F9A3BD = {
			isa = PBXGroup;
			children = (
				BB17E6642FA15D2700F9A3BD /* PoochyDiary */,
				BB17E67B2FA15D2900F9A3BD /* PoochyDiaryTests */,
				BB17E6852FA15D2900F9A3BD /* PoochyDiaryUITests */,
				BB17E6632FA15D2700F9A3BD /* Products */,
			);
			sourceTree = "<group>";
		};
		BB17E6632FA15D2700F9A3BD /* Products */ = {
			isa = PBXGroup;
			children = (
				BB17E6622FA15D2700F9A3BD /* PoochyDiary.app */,
				BB17E6782FA15D2900F9A3BD /* PoochyDiaryTests.xctest */,
				BB17E6822FA15D2900F9A3BD /* PoochyDiaryUITests.xctest */,
			);
			name = Products;
			sourceTree = "<group>";
		};
/* End PBXGroup section */

/* Begin PBXNativeTarget section */
		BB17E6612FA15D2700F9A3BD /* PoochyDiary */ = {
			isa = PBXNativeTarget;
			buildConfigurationList = BB17E68B2FA15D2900F9A3BD /* Build configuration list for PBXNativeTarget "PoochyDiary" */;
			buildPhases = (
				BB17E65E2FA15D2700F9A3BD /* Sources */,
				BB17E65F2FA15D2700F9A3BD /* Frameworks */,
				BB17E6602FA15D2700F9A3BD /* Resources */,
			);
			buildRules = (
			);
			dependencies = (
			);
			fileSystemSynchronizedGroups = (
				BB17E6642FA15D2700F9A3BD /* PoochyDiary */,
			);
			name = PoochyDiary;
			packageProductDependencies = (
			);
			productName = PoochyLog;
			productReference = BB17E6622FA15D2700F9A3BD /* PoochyDiary.app */;
			productType = "com.apple.product-type.application";
		};
		BB17E6772FA15D2900F9A3BD /* PoochyDiaryTests */ = {
			isa = PBXNativeTarget;
			buildConfigurationList = BB17E6902FA15D2900F9A3BD /* Build configuration list for PBXNativeTarget "PoochyDiaryTests" */;
			buildPhases = (
				BB17E6742FA15D2900F9A3BD /* Sources */,
				BB17E6752FA15D2900F9A3BD /* Frameworks */,
				BB17E6762FA15D2900F9A3BD /* Resources */,
			);
			buildRules = (
			);
			dependencies = (
				BB17E67A2FA15D2900F9A3BD /* PBXTargetDependency */,
			);
			fileSystemSynchronizedGroups = (
				BB17E67B2FA15D2900F9A3BD /* PoochyDiaryTests */,
			);
			name = PoochyDiaryTests;
			packageProductDependencies = (
			);
			productName = PoochyLogTests;
			productReference = BB17E6782FA15D2900F9A3BD /* PoochyDiaryTests.xctest */;
			productType = "com.apple.product-type.bundle.unit-test";
		};
		BB17E6812FA15D2900F9A3BD /* PoochyDiaryUITests */ = {
			isa = PBXNativeTarget;
			buildConfigurationList = BB17E6932FA15D2900F9A3BD /* Build configuration list for PBXNativeTarget "PoochyDiaryUITests" */;
			buildPhases = (
				BB17E67E2FA15D2900F9A3BD /* Sources */,
				BB17E67F2FA15D2900F9A3BD /* Frameworks */,
				BB17E6802FA15D2900F9A3BD /* Resources */,
			);
			buildRules = (
			);
			dependencies = (
				BB17E6842FA15D2900F9A3BD /* PBXTargetDependency */,
			);
			fileSystemSynchronizedGroups = (
				BB17E6852FA15D2900F9A3BD /* PoochyDiaryUITests */,
			);
			name = PoochyDiaryUITests;
			packageProductDependencies = (
			);
			productName = PoochyLogUITests;
			productReference = BB17E6822FA15D2900F9A3BD /* PoochyDiaryUITests.xctest */;
			productType = "com.apple.product-type.bundle.ui-testing";
		};
/* End PBXNativeTarget section */

/* Begin PBXProject section */
		BB17E65A2FA15D2700F9A3BD /* Project object */ = {
			isa = PBXProject;
			attributes = {
				BuildIndependentTargetsInParallel = 1;
				LastSwiftUpdateCheck = 2640;
				LastUpgradeCheck = 2640;
				TargetAttributes = {
					BB17E6612FA15D2700F9A3BD = {
						CreatedOnToolsVersion = 26.4.1;
					};
					BB17E6772FA15D2900F9A3BD = {
						CreatedOnToolsVersion = 26.4.1;
						TestTargetID = BB17E6612FA15D2700F9A3BD;
					};
					BB17E6812FA15D2900F9A3BD = {
						CreatedOnToolsVersion = 26.4.1;
						TestTargetID = BB17E6612FA15D2700F9A3BD;
					};
				};
			};
			buildConfigurationList = BB17E65D2FA15D2700F9A3BD /* Build configuration list for PBXProject "PoochyDiary" */;
			developmentRegion = en;
			hasScannedForEncodings = 0;
			knownRegions = (
				en,
				Base,
			);
			mainGroup = BB17E6592FA15D2700F9A3BD;
			minimizedProjectReferenceProxies = 1;
			preferredProjectObjectVersion = 77;
			productRefGroup = BB17E6632FA15D2700F9A3BD /* Products */;
			projectDirPath = "";
			projectRoot = "";
			targets = (
				BB17E6612FA15D2700F9A3BD /* PoochyDiary */,
				BB17E6772FA15D2900F9A3BD /* PoochyDiaryTests */,
				BB17E6812FA15D2900F9A3BD /* PoochyDiaryUITests */,
			);
		};
/* End PBXProject section */

/* Begin PBXResourcesBuildPhase section */
		BB17E6602FA15D2700F9A3BD /* Resources */ = {
			isa = PBXResourcesBuildPhase;
			buildActionMask = 2147483647;
			files = (
			);
			runOnlyForDeploymentPostprocessing = 0;
		};
		BB17E6762FA15D2900F9A3BD /* Resources */ = {
			isa = PBXResourcesBuildPhase;
			buildActionMask = 2147483647;
			files = (
			);
			runOnlyForDeploymentPostprocessing = 0;
		};
		BB17E6802FA15D2900F9A3BD /* Resources */ = {
			isa = PBXResourcesBuildPhase;
			buildActionMask = 2147483647;
			files = (
			);
			runOnlyForDeploymentPostprocessing = 0;
		};
/* End PBXResourcesBuildPhase section */

/* Begin PBXSourcesBuildPhase section */
		BB17E65E2FA15D2700F9A3BD /* Sources */ = {
			isa = PBXSourcesBuildPhase;
			buildActionMask = 2147483647;
			files = (
			);
			runOnlyForDeploymentPostprocessing = 0;
		};
		BB17E6742FA15D2900F9A3BD /* Sources */ = {
			isa = PBXSourcesBuildPhase;
			buildActionMask = 2147483647;
			files = (
			);
			runOnlyForDeploymentPostprocessing = 0;
		};
		BB17E67E2FA15D2900F9A3BD /* Sources */ = {
			isa = PBXSourcesBuildPhase;
			buildActionMask = 2147483647;
			files = (
			);
			runOnlyForDeploymentPostprocessing = 0;
		};
/* End PBXSourcesBuildPhase section */

/* Begin PBXTargetDependency section */
		BB17E67A2FA15D2900F9A3BD /* PBXTargetDependency */ = {
			isa = PBXTargetDependency;
			target = BB17E6612FA15D2700F9A3BD /* PoochyDiary */;
			targetProxy = BB17E6792FA15D2900F9A3BD /* PBXContainerItemProxy */;
		};
		BB17E6842FA15D2900F9A3BD /* PBXTargetDependency */ = {
			isa = PBXTargetDependency;
			target = BB17E6612FA15D2700F9A3BD /* PoochyDiary */;
			targetProxy = BB17E6832FA15D2900F9A3BD /* PBXContainerItemProxy */;
		};
/* End PBXTargetDependency section */

/* Begin XCBuildConfiguration section */
		BB17E68C2FA15D2900F9A3BD /* Debug */ = {
			isa = XCBuildConfiguration;
			buildSettings = {
				ASSETCATALOG_COMPILER_APPICON_NAME = AppIcon;
				ASSETCATALOG_COMPILER_GLOBAL_ACCENT_COLOR_NAME = AccentColor;
				CODE_SIGN_STYLE = Automatic;
				CURRENT_PROJECT_VERSION = 1;
				GENERATE_INFOPLIST_FILE = YES;
				INFOPLIST_FILE = PoochyDiary/Info.plist;
				INFOPLIST_KEY_UIApplicationSupportsIndirectInputEvents = YES;
				INFOPLIST_KEY_UILaunchStoryboardName = LaunchScreen;
				INFOPLIST_KEY_UISupportedInterfaceOrientations_iPad = "UIInterfaceOrientationPortrait UIInterfaceOrientationPortraitUpsideDown UIInterfaceOrientationLandscapeLeft UIInterfaceOrientationLandscapeRight";
				INFOPLIST_KEY_UISupportedInterfaceOrientations_iPhone = "UIInterfaceOrientationPortrait UIInterfaceOrientationLandscapeLeft UIInterfaceOrientationLandscapeRight";
				LD_RUNPATH_SEARCH_PATHS = (
					"$(inherited)",
					"@executable_path/Frameworks",
				);
				MARKETING_VERSION = 1.0;
				PRODUCT_BUNDLE_IDENTIFIER = sugurutokuda.PoochyLog;
				PRODUCT_NAME = "$(TARGET_NAME)";
				STRING_CATALOG_GENERATE_SYMBOLS = YES;
				SWIFT_APPROACHABLE_CONCURRENCY = YES;
				SWIFT_DEFAULT_ACTOR_ISOLATION = MainActor;
				SWIFT_EMIT_LOC_STRINGS = YES;
				SWIFT_UPCOMING_FEATURE_MEMBER_IMPORT_VISIBILITY = YES;
				SWIFT_VERSION = 5.0;
				TARGETED_DEVICE_FAMILY = "1,2";
			};
			name = Debug;
		};
		BB17E68D2FA15D2900F9A3BD /* Release */ = {
			isa = XCBuildConfiguration;
			buildSettings = {
				ASSETCATALOG_COMPILER_APPICON_NAME = AppIcon;
				ASSETCATALOG_COMPILER_GLOBAL_ACCENT_COLOR_NAME = AccentColor;
				CODE_SIGN_STYLE = Automatic;
				CURRENT_PROJECT_VERSION = 1;
				GENERATE_INFOPLIST_FILE = YES;
				INFOPLIST_FILE = PoochyDiary/Info.plist;
				INFOPLIST_KEY_UIApplicationSupportsIndirectInputEvents = YES;
				INFOPLIST_KEY_UILaunchStoryboardName = LaunchScreen;
				INFOPLIST_KEY_UISupportedInterfaceOrientations_iPad = "UIInterfaceOrientationPortrait UIInterfaceOrientationPortraitUpsideDown UIInterfaceOrientationLandscapeLeft UIInterfaceOrientationLandscapeRight";
				INFOPLIST_KEY_UISupportedInterfaceOrientations_iPhone = "UIInterfaceOrientationPortrait UIInterfaceOrientationLandscapeLeft UIInterfaceOrientationLandscapeRight";
				LD_RUNPATH_SEARCH_PATHS = (
					"$(inherited)",
					"@executable_path/Frameworks",
				);
				MARKETING_VERSION = 1.0;
				PRODUCT_BUNDLE_IDENTIFIER = sugurutokuda.PoochyLog;
				PRODUCT_NAME = "$(TARGET_NAME)";
				STRING_CATALOG_GENERATE_SYMBOLS = YES;
				SWIFT_APPROACHABLE_CONCURRENCY = YES;
				SWIFT_DEFAULT_ACTOR_ISOLATION = MainActor;
				SWIFT_EMIT_LOC_STRINGS = YES;
				SWIFT_UPCOMING_FEATURE_MEMBER_IMPORT_VISIBILITY = YES;
				SWIFT_VERSION = 5.0;
				TARGETED_DEVICE_FAMILY = "1,2";
			};
			name = Release;
		};
		BB17E68E2FA15D2900F9A3BD /* Debug */ = {
			isa = XCBuildConfiguration;
			buildSettings = {
				ALWAYS_SEARCH_USER_PATHS = NO;
				ASSETCATALOG_COMPILER_GENERATE_SWIFT_ASSET_SYMBOL_EXTENSIONS = YES;
				CLANG_ANALYZER_NONNULL = YES;
				CLANG_ANALYZER_NUMBER_OBJECT_CONVERSION = YES_AGGRESSIVE;
				CLANG_CXX_LANGUAGE_STANDARD = "gnu++20";
				CLANG_ENABLE_MODULES = YES;
				CLANG_ENABLE_OBJC_ARC = YES;
				CLANG_ENABLE_OBJC_WEAK = YES;
				CLANG_WARN_BLOCK_CAPTURE_AUTORELEASING = YES;
				CLANG_WARN_BOOL_CONVERSION = YES;
				CLANG_WARN_COMMA = YES;
				CLANG_WARN_CONSTANT_CONVERSION = YES;
				CLANG_WARN_DEPRECATED_OBJC_IMPLEMENTATIONS = YES;
				CLANG_WARN_DIRECT_OBJC_ISA_USAGE = YES_ERROR;
				CLANG_WARN_DOCUMENTATION_COMMENTS = YES;
				CLANG_WARN_EMPTY_BODY = YES;
				CLANG_WARN_ENUM_CONVERSION = YES;
				CLANG_WARN_INFINITE_RECURSION = YES;
				CLANG_WARN_INT_CONVERSION = YES;
				CLANG_WARN_NON_LITERAL_NULL_CONVERSION = YES;
				CLANG_WARN_OBJC_IMPLICIT_RETAIN_SELF = YES;
				CLANG_WARN_OBJC_LITERAL_CONVERSION = YES;
				CLANG_WARN_OBJC_ROOT_CLASS = YES_ERROR;
				CLANG_WARN_QUOTED_INCLUDE_IN_FRAMEWORK_HEADER = YES;
				CLANG_WARN_RANGE_LOOP_ANALYSIS = YES;
				CLANG_WARN_STRICT_PROTOTYPES = YES;
				CLANG_WARN_SUSPICIOUS_MOVE = YES;
				CLANG_WARN_UNGUARDED_AVAILABILITY = YES_AGGRESSIVE;
				CLANG_WARN_UNREACHABLE_CODE = YES;
				CLANG_WARN__DUPLICATE_METHOD_MATCH = YES;
				COPY_PHASE_STRIP = NO;
				DEBUG_INFORMATION_FORMAT = dwarf;
				ENABLE_STRICT_OBJC_MSGSEND = YES;
				ENABLE_TESTABILITY = YES;
				ENABLE_USER_SCRIPT_SANDBOXING = YES;
				GCC_C_LANGUAGE_STANDARD = gnu17;
				GCC_DYNAMIC_NO_PIC = NO;
				GCC_NO_COMMON_BLOCKS = YES;
				GCC_OPTIMIZATION_LEVEL = 0;
				GCC_PREPROCESSOR_DEFINITIONS = (
					"DEBUG=1",
					"$(inherited)",
				);
				GCC_WARN_64_TO_32_BIT_CONVERSION = YES;
				GCC_WARN_ABOUT_RETURN_TYPE = YES_ERROR;
				GCC_WARN_UNDECLARED_SELECTOR = YES;
				GCC_WARN_UNINITIALIZED_AUTOS = YES_AGGRESSIVE;
				GCC_WARN_UNUSED_FUNCTION = YES;
				GCC_WARN_UNUSED_VARIABLE = YES;
				IPHONEOS_DEPLOYMENT_TARGET = 26.4;
				LOCALIZATION_PREFERS_STRING_CATALOGS = YES;
				MTL_ENABLE_DEBUG_INFO = INCLUDE_SOURCE;
				MTL_FAST_MATH = YES;
				ONLY_ACTIVE_ARCH = YES;
				SDKROOT = iphoneos;
				SWIFT_ACTIVE_COMPILATION_CONDITIONS = "DEBUG $(inherited)";
				SWIFT_OPTIMIZATION_LEVEL = "-Onone";
			};
			name = Debug;
		};
		BB17E68F2FA15D2900F9A3BD /* Release */ = {
			isa = XCBuildConfiguration;
			buildSettings = {
				ALWAYS_SEARCH_USER_PATHS = NO;
				ASSETCATALOG_COMPILER_GENERATE_SWIFT_ASSET_SYMBOL_EXTENSIONS = YES;
				CLANG_ANALYZER_NONNULL = YES;
				CLANG_ANALYZER_NUMBER_OBJECT_CONVERSION = YES_AGGRESSIVE;
				CLANG_CXX_LANGUAGE_STANDARD = "gnu++20";
				CLANG_ENABLE_MODULES = YES;
				CLANG_ENABLE_OBJC_ARC = YES;
				CLANG_ENABLE_OBJC_WEAK = YES;
				CLANG_WARN_BLOCK_CAPTURE_AUTORELEASING = YES;
				CLANG_WARN_BOOL_CONVERSION = YES;
				CLANG_WARN_COMMA = YES;
				CLANG_WARN_CONSTANT_CONVERSION = YES;
				CLANG_WARN_DEPRECATED_OBJC_IMPLEMENTATIONS = YES;
				CLANG_WARN_DIRECT_OBJC_ISA_USAGE = YES_ERROR;
				CLANG_WARN_DOCUMENTATION_COMMENTS = YES;
				CLANG_WARN_EMPTY_BODY = YES;
				CLANG_WARN_ENUM_CONVERSION = YES;
				CLANG_WARN_INFINITE_RECURSION = YES;
				CLANG_WARN_INT_CONVERSION = YES;
				CLANG_WARN_NON_LITERAL_NULL_CONVERSION = YES;
				CLANG_WARN_OBJC_IMPLICIT_RETAIN_SELF = YES;
				CLANG_WARN_OBJC_LITERAL_CONVERSION = YES;
				CLANG_WARN_OBJC_ROOT_CLASS = YES_ERROR;
				CLANG_WARN_QUOTED_INCLUDE_IN_FRAMEWORK_HEADER = YES;
				CLANG_WARN_RANGE_LOOP_ANALYSIS = YES;
				CLANG_WARN_STRICT_PROTOTYPES = YES;
				CLANG_WARN_SUSPICIOUS_MOVE = YES;
				CLANG_WARN_UNGUARDED_AVAILABILITY = YES_AGGRESSIVE;
				CLANG_WARN_UNREACHABLE_CODE = YES;
				CLANG_WARN__DUPLICATE_METHOD_MATCH = YES;
				COPY_PHASE_STRIP = NO;
				DEBUG_INFORMATION_FORMAT = "dwarf-with-dsym";
				ENABLE_NS_ASSERTIONS = NO;
				ENABLE_STRICT_OBJC_MSGSEND = YES;
				ENABLE_USER_SCRIPT_SANDBOXING = YES;
				GCC_C_LANGUAGE_STANDARD = gnu17;
				GCC_NO_COMMON_BLOCKS = YES;
				GCC_WARN_64_TO_32_BIT_CONVERSION = YES;
				GCC_WARN_ABOUT_RETURN_TYPE = YES_ERROR;
				GCC_WARN_UNDECLARED_SELECTOR = YES;
				GCC_WARN_UNINITIALIZED_AUTOS = YES_AGGRESSIVE;
				GCC_WARN_UNUSED_FUNCTION = YES;
				GCC_WARN_UNUSED_VARIABLE = YES;
				IPHONEOS_DEPLOYMENT_TARGET = 26.4;
				LOCALIZATION_PREFERS_STRING_CATALOGS = YES;
				MTL_ENABLE_DEBUG_INFO = NO;
				MTL_FAST_MATH = YES;
				SDKROOT = iphoneos;
				SWIFT_COMPILATION_MODE = wholemodule;
				VALIDATE_PRODUCT = YES;
			};
			name = Release;
		};
		BB17E6912FA15D2900F9A3BD /* Debug */ = {
			isa = XCBuildConfiguration;
			buildSettings = {
				BUNDLE_LOADER = "$(TEST_HOST)";
				CODE_SIGN_STYLE = Automatic;
				CURRENT_PROJECT_VERSION = 1;
				GENERATE_INFOPLIST_FILE = YES;
				IPHONEOS_DEPLOYMENT_TARGET = 26.4;
				MARKETING_VERSION = 1.0;
				PRODUCT_BUNDLE_IDENTIFIER = sugurutokuda.PoochyLogTests;
				PRODUCT_NAME = "$(TARGET_NAME)";
				STRING_CATALOG_GENERATE_SYMBOLS = NO;
				SWIFT_APPROACHABLE_CONCURRENCY = YES;
				SWIFT_EMIT_LOC_STRINGS = NO;
				SWIFT_UPCOMING_FEATURE_MEMBER_IMPORT_VISIBILITY = YES;
				SWIFT_VERSION = 5.0;
				TARGETED_DEVICE_FAMILY = "1,2";
				TEST_HOST = "$(BUILT_PRODUCTS_DIR)/PoochyLog.app/$(BUNDLE_EXECUTABLE_FOLDER_PATH)/PoochyLog";
			};
			name = Debug;
		};
		BB17E6922FA15D2900F9A3BD /* Release */ = {
			isa = XCBuildConfiguration;
			buildSettings = {
				BUNDLE_LOADER = "$(TEST_HOST)";
				CODE_SIGN_STYLE = Automatic;
				CURRENT_PROJECT_VERSION = 1;
				GENERATE_INFOPLIST_FILE = YES;
				IPHONEOS_DEPLOYMENT_TARGET = 26.4;
				MARKETING_VERSION = 1.0;
				PRODUCT_BUNDLE_IDENTIFIER = sugurutokuda.PoochyLogTests;
				PRODUCT_NAME = "$(TARGET_NAME)";
				STRING_CATALOG_GENERATE_SYMBOLS = NO;
				SWIFT_APPROACHABLE_CONCURRENCY = YES;
				SWIFT_EMIT_LOC_STRINGS = NO;
				SWIFT_UPCOMING_FEATURE_MEMBER_IMPORT_VISIBILITY = YES;
				SWIFT_VERSION = 5.0;
				TARGETED_DEVICE_FAMILY = "1,2";
				TEST_HOST = "$(BUILT_PRODUCTS_DIR)/PoochyLog.app/$(BUNDLE_EXECUTABLE_FOLDER_PATH)/PoochyLog";
			};
			name = Release;
		};
		BB17E6942FA15D2900F9A3BD /* Debug */ = {
			isa = XCBuildConfiguration;
			buildSettings = {
				CODE_SIGN_STYLE = Automatic;
				CURRENT_PROJECT_VERSION = 1;
				GENERATE_INFOPLIST_FILE = YES;
				MARKETING_VERSION = 1.0;
				PRODUCT_BUNDLE_IDENTIFIER = sugurutokuda.PoochyLogUITests;
				PRODUCT_NAME = "$(TARGET_NAME)";
				STRING_CATALOG_GENERATE_SYMBOLS = NO;
				SWIFT_APPROACHABLE_CONCURRENCY = YES;
				SWIFT_EMIT_LOC_STRINGS = NO;
				SWIFT_UPCOMING_FEATURE_MEMBER_IMPORT_VISIBILITY = YES;
				SWIFT_VERSION = 5.0;
				TARGETED_DEVICE_FAMILY = "1,2";
				TEST_TARGET_NAME = PoochyLog;
			};
			name = Debug;
		};
		BB17E6952FA15D2900F9A3BD /* Release */ = {
			isa = XCBuildConfiguration;
			buildSettings = {
				CODE_SIGN_STYLE = Automatic;
				CURRENT_PROJECT_VERSION = 1;
				GENERATE_INFOPLIST_FILE = YES;
				MARKETING_VERSION = 1.0;
				PRODUCT_BUNDLE_IDENTIFIER = sugurutokuda.PoochyLogUITests;
				PRODUCT_NAME = "$(TARGET_NAME)";
				STRING_CATALOG_GENERATE_SYMBOLS = NO;
				SWIFT_APPROACHABLE_CONCURRENCY = YES;
				SWIFT_EMIT_LOC_STRINGS = NO;
				SWIFT_UPCOMING_FEATURE_MEMBER_IMPORT_VISIBILITY = YES;
				SWIFT_VERSION = 5.0;
				TARGETED_DEVICE_FAMILY = "1,2";
				TEST_TARGET_NAME = PoochyLog;
			};
			name = Release;
		};
/* End XCBuildConfiguration section */

/* Begin XCConfigurationList section */
		BB17E65D2FA15D2700F9A3BD /* Build configuration list for PBXProject "PoochyDiary" */ = {
			isa = XCConfigurationList;
			buildConfigurations = (
				BB17E68E2FA15D2900F9A3BD /* Debug */,
				BB17E68F2FA15D2900F9A3BD /* Release */,
			);
			defaultConfigurationIsVisible = 0;
			defaultConfigurationName = Release;
		};
		BB17E68B2FA15D2900F9A3BD /* Build configuration list for PBXNativeTarget "PoochyDiary" */ = {
			isa = XCConfigurationList;
			buildConfigurations = (
				BB17E68C2FA15D2900F9A3BD /* Debug */,
				BB17E68D2FA15D2900F9A3BD /* Release */,
			);
			defaultConfigurationIsVisible = 0;
			defaultConfigurationName = Release;
		};
		BB17E6902FA15D2900F9A3BD /* Build configuration list for PBXNativeTarget "PoochyDiaryTests" */ = {
			isa = XCConfigurationList;
			buildConfigurations = (
				BB17E6912FA15D2900F9A3BD /* Debug */,
				BB17E6922FA15D2900F9A3BD /* Release */,
			);
			defaultConfigurationIsVisible = 0;
			defaultConfigurationName = Release;
		};
		BB17E6932FA15D2900F9A3BD /* Build configuration list for PBXNativeTarget "PoochyDiaryUITests" */ = {
			isa = XCConfigurationList;
			buildConfigurations = (
				BB17E6942FA15D2900F9A3BD /* Debug */,
				BB17E6952FA15D2900F9A3BD /* Release */,
			);
			defaultConfigurationIsVisible = 0;
			defaultConfigurationName = Release;
		};
/* End XCConfigurationList section */
	};
	rootObject = BB17E65A2FA15D2700F9A3BD /* Project object */;
}
